
Microsoft Visual Studio Solution File, Format Version 12.00
# Visual Studio Version 17
VisualStudioVersion = 17.11.35303.130
MinimumVisualStudioVersion = 10.0.40219.1
Project("{8BC9CEB8-8B4A-11D0-8D11-00A0C91BC942}") = "lab 10.1 b", "lab 10.1 b.vcxproj", "{1C38E607-80E0-47DD-9666-2E955B58CAD6}"
EndProject
Project("{8BC9CEB8-8B4A-11D0-8D11-00A0C91BC942}") = "UnitTest1012", "..\UnitTest1012\UnitTest1012.vcxproj", "{E3072619-5CC4-432D-97DC-35F1B5284496}"
EndProject
Global
	GlobalSection(SolutionConfigurationPlatforms) = preSolution
		Debug|x64 = Debug|x64
		Debug|x86 = Debug|x86
		Release|x64 = Release|x64
		Release|x86 = Release|x86
	EndGlobalSection
	GlobalSection(ProjectConfigurationPlatforms) = postSolution
		{1C38E607-80E0-47DD-9666-2E955B58CAD6}.Debug|x64.ActiveCfg = Debug|x64
		{1C38E607-80E0-47DD-9666-2E955B58CAD6}.Debug|x64.Build.0 = Debug|x64
		{1C38E607-80E0-47DD-9666-2E955B58CAD6}.Debug|x86.ActiveCfg = Debug|Win32
		{1C38E607-80E0-47DD-9666-2E955B58CAD6}.Debug|x86.Build.0 = Debug|Win32
		{1C38E607-80E0-47DD-9666-2E955B58CAD6}.Release|x64.ActiveCfg = Release|x64
		{1C38E607-80E0-47DD-9666-2E955B58CAD6}.Release|x64.Build.0 = Release|x64
		{1C38E607-80E0-47DD-9666-2E955B58CAD6}.Release|x86.ActiveCfg = Release|Win32
		{1C38E607-80E0-47DD-9666-2E955B58CAD6}.Release|x86.Build.0 = Release|Win32
		{E3072619-5CC4-432D-97DC-35F1B5284496}.Debug|x64.ActiveCfg = Debug|x64
		{E3072619-5CC4-432D-97DC-35F1B5284496}.Debug|x64.Build.0 = Debug|x64
		{E3072619-5CC4-432D-97DC-35F1B5284496}.Debug|x86.ActiveCfg = Debug|Win32
		{E3072619-5CC4-432D-97DC-35F1B5284496}.Debug|x86.Build.0 = Debug|Win32
		{E3072619-5CC4-432D-97DC-35F1B5284496}.Release|x64.ActiveCfg = Release|x64
		{E3072619-5CC4-432D-97DC-35F1B5284496}.Release|x64.Build.0 = Release|x64
		{E3072619-5CC4-432D-97DC-35F1B5284496}.Release|x86.ActiveCfg = Release|Win32
		{E3072619-5CC4-432D-97DC-35F1B5284496}.Release|x86.Build.0 = Release|Win32
	EndGlobalSection
	GlobalSection(SolutionProperties) = preSolution
		HideSolutionNode = FALSE
	EndGlobalSection
	GlobalSection(ExtensibilityGlobals) = postSolution
		SolutionGuid = {713096F3-52E5-4037-A7E7-6C7AB7AA309F}
	EndGlobalSection
EndGlobal
